
Microsoft Visual Studio Solution File, Format Version 12.00
# Visual Studio Version 17
VisualStudioVersion = 17.8.34330.188
MinimumVisualStudioVersion = 10.0.40219.1
Project("{FAE04EC0-301F-11D3-BF4B-00C04F79EFBC}") = "Testprojekt", "Testprojekt\Testprojekt.csproj", "{73E26540-ED84-47EF-9AB6-A272A81128B5}"
EndProject
Global
	GlobalSection(SolutionConfigurationPlatforms) = preSolution
		Debug|Any CPU = Debug|Any CPU
		Release|Any CPU = Release|Any CPU
	EndGlobalSection
	GlobalSection(ProjectConfigurationPlatforms) = postSolution
		{73E26540-ED84-47EF-9AB6-A272A81128B5}.Debug|Any CPU.ActiveCfg = Debug|Any CPU
		{73E26540-ED84-47EF-9AB6-A272A81128B5}.Debug|Any CPU.Build.0 = Debug|Any CPU
		{73E26540-ED84-47EF-9AB6-A272A81128B5}.Release|Any CPU.ActiveCfg = Release|Any CPU
		{73E26540-ED84-47EF-9AB6-A272A81128B5}.Release|Any CPU.Build.0 = Release|Any CPU
	EndGlobalSection
	GlobalSection(SolutionProperties) = preSolution
		HideSolutionNode = FALSE
	EndGlobalSection
	GlobalSection(ExtensibilityGlobals) = postSolution
		SolutionGuid = {B1FE6452-052D-4F25-B716-793EAE0E1C49}
	EndGlobalSection
EndGlobal
